
Microsoft Visual Studio Solution File, Format Version 12.00
# Visual Studio 15
VisualStudioVersion = 15.0.28010.2016
MinimumVisualStudioVersion = 10.0.40219.1
Project("{9A19103F-16F7-4668-BE54-9A1E7A4F7556}") = "WaterHistoryApp", "WaterHistoryApp\WaterHistoryApp.csproj", "{D0B20ADC-F15F-4717-85E9-AF60C36525F9}"
EndProject
Project("{FAE04EC0-301F-11D3-BF4B-00C04F79EFBC}") = "WaterHistoryApp.Test", "WaterHistoryApp.Test\WaterHistoryApp.Test.csproj", "{77E2786C-D1CE-4A44-ABE4-93C6E2F9B288}"
EndProject
Global
	GlobalSection(SolutionConfigurationPlatforms) = preSolution
		Debug|Any CPU = Debug|Any CPU
		Release|Any CPU = Release|Any CPU
	EndGlobalSection
	GlobalSection(ProjectConfigurationPlatforms) = postSolution
		{D0B20ADC-F15F-4717-85E9-AF60C36525F9}.Debug|Any CPU.ActiveCfg = Debug|Any CPU
		{D0B20ADC-F15F-4717-85E9-AF60C36525F9}.Debug|Any CPU.Build.0 = Debug|Any CPU
		{D0B20ADC-F15F-4717-85E9-AF60C36525F9}.Release|Any CPU.ActiveCfg = Release|Any CPU
		{D0B20ADC-F15F-4717-85E9-AF60C36525F9}.Release|Any CPU.Build.0 = Release|Any CPU
		{77E2786C-D1CE-4A44-ABE4-93C6E2F9B288}.Debug|Any CPU.ActiveCfg = Debug|Any CPU
		{77E2786C-D1CE-4A44-ABE4-93C6E2F9B288}.Debug|Any CPU.Build.0 = Debug|Any CPU
		{77E2786C-D1CE-4A44-ABE4-93C6E2F9B288}.Release|Any CPU.ActiveCfg = Release|Any CPU
		{77E2786C-D1CE-4A44-ABE4-93C6E2F9B288}.Release|Any CPU.Build.0 = Release|Any CPU
	EndGlobalSection
	GlobalSection(SolutionProperties) = preSolution
		HideSolutionNode = FALSE
	EndGlobalSection
	GlobalSection(ExtensibilityGlobals) = postSolution
		SolutionGuid = {5115D02B-B97D-4EF0-962A-F169A45372C5}
	EndGlobalSection
EndGlobal
